// !$*UTF8*$!
{
	archiveVersion = 1;
	classes = {
	};
	objectVersion = 56;
	objects = {

/* Begin PBXBuildFile section */
		3CB7A2B82B4619FB008193C6 /* LaunchScreen.storyboard in Resources */ = {isa = PBXBuildFile; fileRef = 3CB7A2B72B4619FB008193C6 /* LaunchScreen.storyboard */; };
		3CD196292B15228600091B8F /* Know_Your_WorthApp.swift in Sources */ = {isa = PBXBuildFile; fileRef = 3CD196282B15228600091B8F /* Know_Your_WorthApp.swift */; };
		3CD1962D2B15228700091B8F /* Assets.xcassets in Resources */ = {isa = PBXBuildFile; fileRef = 3CD1962C2B15228700091B8F /* Assets.xcassets */; };
		3CD196302B15228700091B8F /* Preview Assets.xcassets in Resources */ = {isa = PBXBuildFile; fileRef = 3CD1962F2B15228700091B8F /* Preview Assets.xcassets */; };
		3CD196562B15242600091B8F /* TabEnum.swift in Sources */ = {isa = PBXBuildFile; fileRef = 3CD196552B15242600091B8F /* TabEnum.swift */; };
		3CD196592B15244C00091B8F /* TimeSheetModel.swift in Sources */ = {isa = PBXBuildFile; fileRef = 3CD196582B15244C00091B8F /* TimeSheetModel.swift */; };
		3CD1965C2B15246600091B8F /* Double.swift in Sources */ = {isa = PBXBuildFile; fileRef = 3CD1965B2B15246600091B8F /* Double.swift */; };
		3CD1965E2B15247B00091B8F /* Color.swift in Sources */ = {isa = PBXBuildFile; fileRef = 3CD1965D2B15247B00091B8F /* Color.swift */; };
		3CD196602B15249100091B8F /* Date.swift in Sources */ = {isa = PBXBuildFile; fileRef = 3CD1965F2B15249100091B8F /* Date.swift */; };
		3CD196642B1524D500091B8F /* HomeView.swift in Sources */ = {isa = PBXBuildFile; fileRef = 3CD196632B1524D500091B8F /* HomeView.swift */; };
		3CD196672B15252900091B8F /* dashboard.swift in Sources */ = {isa = PBXBuildFile; fileRef = 3CD196662B15252900091B8F /* dashboard.swift */; };
		3CD1966A2B15256100091B8F /* ChartView.swift in Sources */ = {isa = PBXBuildFile; fileRef = 3CD196692B15256100091B8F /* ChartView.swift */; };
		3CD1966C2B15257D00091B8F /* ChartViewModel.swift in Sources */ = {isa = PBXBuildFile; fileRef = 3CD1966B2B15257D00091B8F /* ChartViewModel.swift */; };
		3CD1966F2B1525DA00091B8F /* TimerFullScreenCover.swift in Sources */ = {isa = PBXBuildFile; fileRef = 3CD1966E2B1525DA00091B8F /* TimerFullScreenCover.swift */; };
		3CD196722B15262C00091B8F /* TimeTrackerView.swift in Sources */ = {isa = PBXBuildFile; fileRef = 3CD196712B15262C00091B8F /* TimeTrackerView.swift */; };
		3CD196752B1526AB00091B8F /* EditTimeSheetView.swift in Sources */ = {isa = PBXBuildFile; fileRef = 3CD196742B1526AB00091B8F /* EditTimeSheetView.swift */; };
		3CD196782B15272400091B8F /* TimeSheetRowView.swift in Sources */ = {isa = PBXBuildFile; fileRef = 3CD196772B15272400091B8F /* TimeSheetRowView.swift */; };
		3CD1967A2B15274F00091B8F /* TimeSheetList.swift in Sources */ = {isa = PBXBuildFile; fileRef = 3CD196792B15274F00091B8F /* TimeSheetList.swift */; };
		3CEB51632B1BDB5F006BB13C /* OpenItemList.swift in Sources */ = {isa = PBXBuildFile; fileRef = 3CEB51622B1BDB5F006BB13C /* OpenItemList.swift */; };
		3CEB51652B1BDB7E006BB13C /* OpenItemCard.swift in Sources */ = {isa = PBXBuildFile; fileRef = 3CEB51642B1BDB7E006BB13C /* OpenItemCard.swift */; };
		3CEB51672B1C2EB2006BB13C /* EditSheetCoverView.swift in Sources */ = {isa = PBXBuildFile; fileRef = 3CEB51662B1C2EB2006BB13C /* EditSheetCoverView.swift */; };
/* End PBXBuildFile section */

/* Begin PBXFileReference section */
		3C68C67E2B46180500A2FD1B /* Know-Your-Worth-Info.plist */ = {isa = PBXFileReference; lastKnownFileType = text.plist; path = "Know-Your-Worth-Info.plist"; sourceTree = SOURCE_ROOT; };
		3CB7A2B72B4619FB008193C6 /* LaunchScreen.storyboard */ = {isa = PBXFileReference; lastKnownFileType = file.storyboard; path = LaunchScreen.storyboard; sourceTree = "<group>"; };
		3CD196252B15228600091B8F /* Know Your Worth.app */ = {isa = PBXFileReference; explicitFileType = wrapper.application; includeInIndex = 0; path = "Know Your Worth.app"; sourceTree = BUILT_PRODUCTS_DIR; };
		3CD196282B15228600091B8F /* Know_Your_WorthApp.swift */ = {isa = PBXFileReference; lastKnownFileType = sourcecode.swift; path = Know_Your_WorthApp.swift; sourceTree = "<group>"; };
		3CD1962C2B15228700091B8F /* Assets.xcassets */ = {isa = PBXFileReference; lastKnownFileType = folder.assetcatalog; path = Assets.xcassets; sourceTree = "<group>"; };
		3CD1962F2B15228700091B8F /* Preview Assets.xcassets */ = {isa = PBXFileReference; lastKnownFileType = folder.assetcatalog; path = "Preview Assets.xcassets"; sourceTree = "<group>"; };
		3CD196552B15242600091B8F /* TabEnum.swift */ = {isa = PBXFileReference; lastKnownFileType = sourcecode.swift; path = TabEnum.swift; sourceTree = "<group>"; };
		3CD196582B15244C00091B8F /* TimeSheetModel.swift */ = {isa = PBXFileReference; lastKnownFileType = sourcecode.swift; path = TimeSheetModel.swift; sourceTree = "<group>"; };
		3CD1965B2B15246600091B8F /* Double.swift */ = {isa = PBXFileReference; lastKnownFileType = sourcecode.swift; path = Double.swift; sourceTree = "<group>"; };
		3CD1965D2B15247B00091B8F /* Color.swift */ = {isa = PBXFileReference; lastKnownFileType = sourcecode.swift; path = Color.swift; sourceTree = "<group>"; };
		3CD1965F2B15249100091B8F /* Date.swift */ = {isa = PBXFileReference; lastKnownFileType = sourcecode.swift; path = Date.swift; sourceTree = "<group>"; };
		3CD196632B1524D500091B8F /* HomeView.swift */ = {isa = PBXFileReference; lastKnownFileType = sourcecode.swift; path = HomeView.swift; sourceTree = "<group>"; };
		3CD196662B15252900091B8F /* dashboard.swift */ = {isa = PBXFileReference; lastKnownFileType = sourcecode.swift; path = dashboard.swift; sourceTree = "<group>"; };
		3CD196692B15256100091B8F /* ChartView.swift */ = {isa = PBXFileReference; lastKnownFileType = sourcecode.swift; path = ChartView.swift; sourceTree = "<group>"; };
		3CD1966B2B15257D00091B8F /* ChartViewModel.swift */ = {isa = PBXFileReference; lastKnownFileType = sourcecode.swift; path = ChartViewModel.swift; sourceTree = "<group>"; };
		3CD1966E2B1525DA00091B8F /* TimerFullScreenCover.swift */ = {isa = PBXFileReference; lastKnownFileType = sourcecode.swift; path = TimerFullScreenCover.swift; sourceTree = "<group>"; };
		3CD196712B15262C00091B8F /* TimeTrackerView.swift */ = {isa = PBXFileReference; lastKnownFileType = sourcecode.swift; path = TimeTrackerView.swift; sourceTree = "<group>"; };
		3CD196742B1526AB00091B8F /* EditTimeSheetView.swift */ = {isa = PBXFileReference; lastKnownFileType = sourcecode.swift; path = EditTimeSheetView.swift; sourceTree = "<group>"; };
		3CD196772B15272400091B8F /* TimeSheetRowView.swift */ = {isa = PBXFileReference; lastKnownFileType = sourcecode.swift; path = TimeSheetRowView.swift; sourceTree = "<group>"; };
		3CD196792B15274F00091B8F /* TimeSheetList.swift */ = {isa = PBXFileReference; lastKnownFileType = sourcecode.swift; path = TimeSheetList.swift; sourceTree = "<group>"; };
		3CEB51622B1BDB5F006BB13C /* OpenItemList.swift */ = {isa = PBXFileReference; lastKnownFileType = sourcecode.swift; path = OpenItemList.swift; sourceTree = "<group>"; };
		3CEB51642B1BDB7E006BB13C /* OpenItemCard.swift */ = {isa = PBXFileReference; lastKnownFileType = sourcecode.swift; path = OpenItemCard.swift; sourceTree = "<group>"; };
		3CEB51662B1C2EB2006BB13C /* EditSheetCoverView.swift */ = {isa = PBXFileReference; lastKnownFileType = sourcecode.swift; path = EditSheetCoverView.swift; sourceTree = "<group>"; };
/* End PBXFileReference section */

/* Begin PBXFrameworksBuildPhase section */
		3CD196222B15228600091B8F /* Frameworks */ = {
			isa = PBXFrameworksBuildPhase;
			buildActionMask = 2147483647;
			files = (
			);
			runOnlyForDeploymentPostprocessing = 0;
		};
/* End PBXFrameworksBuildPhase section */

/* Begin PBXGroup section */
		3CD1961C2B15228600091B8F = {
			isa = PBXGroup;
			children = (
				3CD196272B15228600091B8F /* Know Your Worth */,
				3CD196262B15228600091B8F /* Products */,
			);
			sourceTree = "<group>";
		};
		3CD196262B15228600091B8F /* Products */ = {
			isa = PBXGroup;
			children = (
				3CD196252B15228600091B8F /* Know Your Worth.app */,
			);
			name = Products;
			sourceTree = "<group>";
		};
		3CD196272B15228600091B8F /* Know Your Worth */ = {
			isa = PBXGroup;
			children = (
				3C68C67E2B46180500A2FD1B /* Know-Your-Worth-Info.plist */,
				3CD196612B1524B300091B8F /* Views */,
				3CD1965A2B15245B00091B8F /* Extensions */,
				3CD196572B15243400091B8F /* Models */,
				3CD196542B15240F00091B8F /* Enum */,
				3CD196522B1523D800091B8F /* App */,
				3CD1962C2B15228700091B8F /* Assets.xcassets */,
				3CD1962E2B15228700091B8F /* Preview Content */,
				3CB7A2B72B4619FB008193C6 /* LaunchScreen.storyboard */,
			);
			path = "Know Your Worth";
			sourceTree = "<group>";
		};
		3CD1962E2B15228700091B8F /* Preview Content */ = {
			isa = PBXGroup;
			children = (
				3CD1962F2B15228700091B8F /* Preview Assets.xcassets */,
			);
			path = "Preview Content";
			sourceTree = "<group>";
		};
		3CD196522B1523D800091B8F /* App */ = {
			isa = PBXGroup;
			children = (
				3CD196282B15228600091B8F /* Know_Your_WorthApp.swift */,
			);
			path = App;
			sourceTree = "<group>";
		};
		3CD196542B15240F00091B8F /* Enum */ = {
			isa = PBXGroup;
			children = (
				3CD196552B15242600091B8F /* TabEnum.swift */,
			);
			path = Enum;
			sourceTree = "<group>";
		};
		3CD196572B15243400091B8F /* Models */ = {
			isa = PBXGroup;
			children = (
				3CD196582B15244C00091B8F /* TimeSheetModel.swift */,
			);
			path = Models;
			sourceTree = "<group>";
		};
		3CD1965A2B15245B00091B8F /* Extensions */ = {
			isa = PBXGroup;
			children = (
				3CD1965B2B15246600091B8F /* Double.swift */,
				3CD1965D2B15247B00091B8F /* Color.swift */,
				3CD1965F2B15249100091B8F /* Date.swift */,
			);
			path = Extensions;
			sourceTree = "<group>";
		};
		3CD196612B1524B300091B8F /* Views */ = {
			isa = PBXGroup;
			children = (
				3CD196762B1526E000091B8F /* TimeSheetList */,
				3CD196732B15268900091B8F /* EditTimeSheet */,
				3CD196702B15260E00091B8F /* NewTimer */,
				3CD1966D2B1525BB00091B8F /* Full Screen Covers */,
				3CD196622B1524C100091B8F /* Home */,
				3CD196652B15250F00091B8F /* Dashboard */,
			);
			path = Views;
			sourceTree = "<group>";
		};
		3CD196622B1524C100091B8F /* Home */ = {
			isa = PBXGroup;
			children = (
				3CD196632B1524D500091B8F /* HomeView.swift */,
			);
			path = Home;
			sourceTree = "<group>";
		};
		3CD196652B15250F00091B8F /* Dashboard */ = {
			isa = PBXGroup;
			children = (
				3CEB51612B1BDABA006BB13C /* Open Items */,
				3CD196682B15254C00091B8F /* ChartView */,
				3CD196662B15252900091B8F /* dashboard.swift */,
			);
			path = Dashboard;
			sourceTree = "<group>";
		};
		3CD196682B15254C00091B8F /* ChartView */ = {
			isa = PBXGroup;
			children = (
				3CD196692B15256100091B8F /* ChartView.swift */,
				3CD1966B2B15257D00091B8F /* ChartViewModel.swift */,
			);
			path = ChartView;
			sourceTree = "<group>";
		};
		3CD1966D2B1525BB00091B8F /* Full Screen Covers */ = {
			isa = PBXGroup;
			children = (
				3CD1966E2B1525DA00091B8F /* TimerFullScreenCover.swift */,
				3CEB51662B1C2EB2006BB13C /* EditSheetCoverView.swift */,
			);
			path = "Full Screen Covers";
			sourceTree = "<group>";
		};
		3CD196702B15260E00091B8F /* NewTimer */ = {
			isa = PBXGroup;
			children = (
				3CD196712B15262C00091B8F /* TimeTrackerView.swift */,
			);
			path = NewTimer;
			sourceTree = "<group>";
		};
		3CD196732B15268900091B8F /* EditTimeSheet */ = {
			isa = PBXGroup;
			children = (
				3CD196742B1526AB00091B8F /* EditTimeSheetView.swift */,
			);
			path = EditTimeSheet;
			sourceTree = "<group>";
		};
		3CD196762B1526E000091B8F /* TimeSheetList */ = {
			isa = PBXGroup;
			children = (
				3CD196772B15272400091B8F /* TimeSheetRowView.swift */,
				3CD196792B15274F00091B8F /* TimeSheetList.swift */,
			);
			path = TimeSheetList;
			sourceTree = "<group>";
		};
		3CEB51612B1BDABA006BB13C /* Open Items */ = {
			isa = PBXGroup;
			children = (
				3CEB51622B1BDB5F006BB13C /* OpenItemList.swift */,
				3CEB51642B1BDB7E006BB13C /* OpenItemCard.swift */,
			);
			path = "Open Items";
			sourceTree = "<group>";
		};
/* End PBXGroup section */

/* Begin PBXNativeTarget section */
		3CD196242B15228600091B8F /* Know Your Worth */ = {
			isa = PBXNativeTarget;
			buildConfigurationList = 3CD196332B15228700091B8F /* Build configuration list for PBXNativeTarget "Know Your Worth" */;
			buildPhases = (
				3CD196212B15228600091B8F /* Sources */,
				3CD196222B15228600091B8F /* Frameworks */,
				3CD196232B15228600091B8F /* Resources */,
			);
			buildRules = (
			);
			dependencies = (
			);
			name = "Know Your Worth";
			productName = "Know Your Worth";
			productReference = 3CD196252B15228600091B8F /* Know Your Worth.app */;
			productType = "com.apple.product-type.application";
		};
/* End PBXNativeTarget section */

/* Begin PBXProject section */
		3CD1961D2B15228600091B8F /* Project object */ = {
			isa = PBXProject;
			attributes = {
				BuildIndependentTargetsInParallel = 1;
				LastSwiftUpdateCheck = 1500;
				LastUpgradeCheck = 1500;
				TargetAttributes = {
					3CD196242B15228600091B8F = {
						CreatedOnToolsVersion = 15.0;
					};
				};
			};
			buildConfigurationList = 3CD196202B15228600091B8F /* Build configuration list for PBXProject "Know Your Worth" */;
			compatibilityVersion = "Xcode 14.0";
			developmentRegion = en;
			hasScannedForEncodings = 0;
			knownRegions = (
				en,
				Base,
			);
			mainGroup = 3CD1961C2B15228600091B8F;
			productRefGroup = 3CD196262B15228600091B8F /* Products */;
			projectDirPath = "";
			projectRoot = "";
			targets = (
				3CD196242B15228600091B8F /* Know Your Worth */,
			);
		};
/* End PBXProject section */

/* Begin PBXResourcesBuildPhase section */
		3CD196232B15228600091B8F /* Resources */ = {
			isa = PBXResourcesBuildPhase;
			buildActionMask = 2147483647;
			files = (
				3CB7A2B82B4619FB008193C6 /* LaunchScreen.storyboard in Resources */,
				3CD196302B15228700091B8F /* Preview Assets.xcassets in Resources */,
				3CD1962D2B15228700091B8F /* Assets.xcassets in Resources */,
			);
			runOnlyForDeploymentPostprocessing = 0;
		};
/* End PBXResourcesBuildPhase section */

/* Begin PBXSourcesBuildPhase section */
		3CD196212B15228600091B8F /* Sources */ = {
			isa = PBXSourcesBuildPhase;
			buildActionMask = 2147483647;
			files = (
				3CD196782B15272400091B8F /* TimeSheetRowView.swift in Sources */,
				3CD196562B15242600091B8F /* TabEnum.swift in Sources */,
				3CD196642B1524D500091B8F /* HomeView.swift in Sources */,
				3CD196722B15262C00091B8F /* TimeTrackerView.swift in Sources */,
				3CD196672B15252900091B8F /* dashboard.swift in Sources */,
				3CD196752B1526AB00091B8F /* EditTimeSheetView.swift in Sources */,
				3CEB51652B1BDB7E006BB13C /* OpenItemCard.swift in Sources */,
				3CD196602B15249100091B8F /* Date.swift in Sources */,
				3CD196592B15244C00091B8F /* TimeSheetModel.swift in Sources */,
				3CD1966C2B15257D00091B8F /* ChartViewModel.swift in Sources */,
				3CD1966A2B15256100091B8F /* ChartView.swift in Sources */,
				3CD1966F2B1525DA00091B8F /* TimerFullScreenCover.swift in Sources */,
				3CD1967A2B15274F00091B8F /* TimeSheetList.swift in Sources */,
				3CD1965C2B15246600091B8F /* Double.swift in Sources */,
				3CD1965E2B15247B00091B8F /* Color.swift in Sources */,
				3CEB51672B1C2EB2006BB13C /* EditSheetCoverView.swift in Sources */,
				3CD196292B15228600091B8F /* Know_Your_WorthApp.swift in Sources */,
				3CEB51632B1BDB5F006BB13C /* OpenItemList.swift in Sources */,
			);
			runOnlyForDeploymentPostprocessing = 0;
		};
/* End PBXSourcesBuildPhase section */

/* Begin XCBuildConfiguration section */
		3CD196312B15228700091B8F /* Debug */ = {
			isa = XCBuildConfiguration;
			buildSettings = {
				ALWAYS_SEARCH_USER_PATHS = NO;
				ASSETCATALOG_COMPILER_GENERATE_SWIFT_ASSET_SYMBOL_EXTENSIONS = YES;
				CLANG_ANALYZER_NONNULL = YES;
				CLANG_ANALYZER_NUMBER_OBJECT_CONVERSION = YES_AGGRESSIVE;
				CLANG_CXX_LANGUAGE_STANDARD = "gnu++20";
				CLANG_ENABLE_MODULES = YES;
				CLANG_ENABLE_OBJC_ARC = YES;
				CLANG_ENABLE_OBJC_WEAK = YES;
				CLANG_WARN_BLOCK_CAPTURE_AUTORELEASING = YES;
				CLANG_WARN_BOOL_CONVERSION = YES;
				CLANG_WARN_COMMA = YES;
				CLANG_WARN_CONSTANT_CONVERSION = YES;
				CLANG_WARN_DEPRECATED_OBJC_IMPLEMENTATIONS = YES;
				CLANG_WARN_DIRECT_OBJC_ISA_USAGE = YES_ERROR;
				CLANG_WARN_DOCUMENTATION_COMMENTS = YES;
				CLANG_WARN_EMPTY_BODY = YES;
				CLANG_WARN_ENUM_CONVERSION = YES;
				CLANG_WARN_INFINITE_RECURSION = YES;
				CLANG_WARN_INT_CONVERSION = YES;
				CLANG_WARN_NON_LITERAL_NULL_CONVERSION = YES;
				CLANG_WARN_OBJC_IMPLICIT_RETAIN_SELF = YES;
				CLANG_WARN_OBJC_LITERAL_CONVERSION = YES;
				CLANG_WARN_OBJC_ROOT_CLASS = YES_ERROR;
				CLANG_WARN_QUOTED_INCLUDE_IN_FRAMEWORK_HEADER = YES;
				CLANG_WARN_RANGE_LOOP_ANALYSIS = YES;
				CLANG_WARN_STRICT_PROTOTYPES = YES;
				CLANG_WARN_SUSPICIOUS_MOVE = YES;
				CLANG_WARN_UNGUARDED_AVAILABILITY = YES_AGGRESSIVE;
				CLANG_WARN_UNREACHABLE_CODE = YES;
				CLANG_WARN__DUPLICATE_METHOD_MATCH = YES;
				COPY_PHASE_STRIP = NO;
				DEBUG_INFORMATION_FORMAT = dwarf;
				ENABLE_STRICT_OBJC_MSGSEND = YES;
				ENABLE_TESTABILITY = YES;
				ENABLE_USER_SCRIPT_SANDBOXING = YES;
				GCC_C_LANGUAGE_STANDARD = gnu17;
				GCC_DYNAMIC_NO_PIC = NO;
				GCC_NO_COMMON_BLOCKS = YES;
				GCC_OPTIMIZATION_LEVEL = 0;
				GCC_PREPROCESSOR_DEFINITIONS = (
					"DEBUG=1",
					"$(inherited)",
				);
				GCC_WARN_64_TO_32_BIT_CONVERSION = YES;
				GCC_WARN_ABOUT_RETURN_TYPE = YES_ERROR;
				GCC_WARN_UNDECLARED_SELECTOR = YES;
				GCC_WARN_UNINITIALIZED_AUTOS = YES_AGGRESSIVE;
				GCC_WARN_UNUSED_FUNCTION = YES;
				GCC_WARN_UNUSED_VARIABLE = YES;
				INFOPLIST_KEY_UILaunchStoryboardName = "";
				IPHONEOS_DEPLOYMENT_TARGET = 17.0;
				LOCALIZATION_PREFERS_STRING_CATALOGS = YES;
				MTL_ENABLE_DEBUG_INFO = INCLUDE_SOURCE;
				MTL_FAST_MATH = YES;
				ONLY_ACTIVE_ARCH = YES;
				SDKROOT = iphoneos;
				SWIFT_ACTIVE_COMPILATION_CONDITIONS = "DEBUG $(inherited)";
				SWIFT_OPTIMIZATION_LEVEL = "-Onone";
			};
			name = Debug;
		};
		3CD196322B15228700091B8F /* Release */ = {
			isa = XCBuildConfiguration;
			buildSettings = {
				ALWAYS_SEARCH_USER_PATHS = NO;
				ASSETCATALOG_COMPILER_GENERATE_SWIFT_ASSET_SYMBOL_EXTENSIONS = YES;
				CLANG_ANALYZER_NONNULL = YES;
				CLANG_ANALYZER_NUMBER_OBJECT_CONVERSION = YES_AGGRESSIVE;
				CLANG_CXX_LANGUAGE_STANDARD = "gnu++20";
				CLANG_ENABLE_MODULES = YES;
				CLANG_ENABLE_OBJC_ARC = YES;
				CLANG_ENABLE_OBJC_WEAK = YES;
				CLANG_WARN_BLOCK_CAPTURE_AUTORELEASING = YES;
				CLANG_WARN_BOOL_CONVERSION = YES;
				CLANG_WARN_COMMA = YES;
				CLANG_WARN_CONSTANT_CONVERSION = YES;
				CLANG_WARN_DEPRECATED_OBJC_IMPLEMENTATIONS = YES;
				CLANG_WARN_DIRECT_OBJC_ISA_USAGE = YES_ERROR;
				CLANG_WARN_DOCUMENTATION_COMMENTS = YES;
				CLANG_WARN_EMPTY_BODY = YES;
				CLANG_WARN_ENUM_CONVERSION = YES;
				CLANG_WARN_INFINITE_RECURSION = YES;
				CLANG_WARN_INT_CONVERSION = YES;
				CLANG_WARN_NON_LITERAL_NULL_CONVERSION = YES;
				CLANG_WARN_OBJC_IMPLICIT_RETAIN_SELF = YES;
				CLANG_WARN_OBJC_LITERAL_CONVERSION = YES;
				CLANG_WARN_OBJC_ROOT_CLASS = YES_ERROR;
				CLANG_WARN_QUOTED_INCLUDE_IN_FRAMEWORK_HEADER = YES;
				CLANG_WARN_RANGE_LOOP_ANALYSIS = YES;
				CLANG_WARN_STRICT_PROTOTYPES = YES;
				CLANG_WARN_SUSPICIOUS_MOVE = YES;
				CLANG_WARN_UNGUARDED_AVAILABILITY = YES_AGGRESSIVE;
				CLANG_WARN_UNREACHABLE_CODE = YES;
				CLANG_WARN__DUPLICATE_METHOD_MATCH = YES;
				COPY_PHASE_STRIP = NO;
				DEBUG_INFORMATION_FORMAT = "dwarf-with-dsym";
				ENABLE_NS_ASSERTIONS = NO;
				ENABLE_STRICT_OBJC_MSGSEND = YES;
				ENABLE_USER_SCRIPT_SANDBOXING = YES;
				GCC_C_LANGUAGE_STANDARD = gnu17;
				GCC_NO_COMMON_BLOCKS = YES;
				GCC_WARN_64_TO_32_BIT_CONVERSION = YES;
				GCC_WARN_ABOUT_RETURN_TYPE = YES_ERROR;
				GCC_WARN_UNDECLARED_SELECTOR = YES;
				GCC_WARN_UNINITIALIZED_AUTOS = YES_AGGRESSIVE;
				GCC_WARN_UNUSED_FUNCTION = YES;
				GCC_WARN_UNUSED_VARIABLE = YES;
				INFOPLIST_KEY_UILaunchStoryboardName = "";
				IPHONEOS_DEPLOYMENT_TARGET = 17.0;
				LOCALIZATION_PREFERS_STRING_CATALOGS = YES;
				MTL_ENABLE_DEBUG_INFO = NO;
				MTL_FAST_MATH = YES;
				SDKROOT = iphoneos;
				SWIFT_COMPILATION_MODE = wholemodule;
				VALIDATE_PRODUCT = YES;
			};
			name = Release;
		};
		3CD196342B15228700091B8F /* Debug */ = {
			isa = XCBuildConfiguration;
			buildSettings = {
				ASSETCATALOG_COMPILER_APPICON_NAME = AppIcon;
				ASSETCATALOG_COMPILER_GLOBAL_ACCENT_COLOR_NAME = AccentColor;
				CODE_SIGN_STYLE = Automatic;
				CURRENT_PROJECT_VERSION = 1;
				DEVELOPMENT_ASSET_PATHS = "\"Know Your Worth/Preview Content\"";
				DEVELOPMENT_TEAM = 2HXPHMZQZ7;
				ENABLE_PREVIEWS = YES;
				GENERATE_INFOPLIST_FILE = YES;
				INFOPLIST_FILE = "Know-Your-Worth-Info.plist";
				INFOPLIST_KEY_UIApplicationSceneManifest_Generation = YES;
				INFOPLIST_KEY_UIApplicationSupportsIndirectInputEvents = YES;
				INFOPLIST_KEY_UILaunchStoryboardName = LaunchScreen.storyboard;
				INFOPLIST_KEY_UISupportedInterfaceOrientations_iPad = "UIInterfaceOrientationPortrait UIInterfaceOrientationPortraitUpsideDown UIInterfaceOrientationLandscapeLeft UIInterfaceOrientationLandscapeRight";
				INFOPLIST_KEY_UISupportedInterfaceOrientations_iPhone = "UIInterfaceOrientationPortrait UIInterfaceOrientationLandscapeLeft UIInterfaceOrientationLandscapeRight";
				LD_RUNPATH_SEARCH_PATHS = (
					"$(inherited)",
					"@executable_path/Frameworks",
				);
				MARKETING_VERSION = 1.0;
				PRODUCT_BUNDLE_IDENTIFIER = "me.albert.kenny.Know-Your-Worth";
				PRODUCT_NAME = "$(TARGET_NAME)";
				SWIFT_EMIT_LOC_STRINGS = YES;
				SWIFT_VERSION = 5.0;
				TARGETED_DEVICE_FAMILY = "1,2";
			};
			name = Debug;
		};
		3CD196352B15228700091B8F /* Release */ = {
			isa = XCBuildConfiguration;
			buildSettings = {
				ASSETCATALOG_COMPILER_APPICON_NAME = AppIcon;
				ASSETCATALOG_COMPILER_GLOBAL_ACCENT_COLOR_NAME = AccentColor;
				CODE_SIGN_STYLE = Automatic;
				CURRENT_PROJECT_VERSION = 1;
				DEVELOPMENT_ASSET_PATHS = "\"Know Your Worth/Preview Content\"";
				DEVELOPMENT_TEAM = 2HXPHMZQZ7;
				ENABLE_PREVIEWS = YES;
				GENERATE_INFOPLIST_FILE = YES;
				INFOPLIST_FILE = "Know-Your-Worth-Info.plist";
				INFOPLIST_KEY_UIApplicationSceneManifest_Generation = YES;
				INFOPLIST_KEY_UIApplicationSupportsIndirectInputEvents = YES;
				INFOPLIST_KEY_UILaunchStoryboardName = LaunchScreen.storyboard;
				INFOPLIST_KEY_UISupportedInterfaceOrientations_iPad = "UIInterfaceOrientationPortrait UIInterfaceOrientationPortraitUpsideDown UIInterfaceOrientationLandscapeLeft UIInterfaceOrientationLandscapeRight";
				INFOPLIST_KEY_UISupportedInterfaceOrientations_iPhone = "UIInterfaceOrientationPortrait UIInterfaceOrientationLandscapeLeft UIInterfaceOrientationLandscapeRight";
				LD_RUNPATH_SEARCH_PATHS = (
					"$(inherited)",
					"@executable_path/Frameworks",
				);
				MARKETING_VERSION = 1.0;
				PRODUCT_BUNDLE_IDENTIFIER = "me.albert.kenny.Know-Your-Worth";
				PRODUCT_NAME = "$(TARGET_NAME)";
				SWIFT_EMIT_LOC_STRINGS = YES;
				SWIFT_VERSION = 5.0;
				TARGETED_DEVICE_FAMILY = "1,2";
			};
			name = Release;
		};
/* End XCBuildConfiguration section */

/* Begin XCConfigurationList section */
		3CD196202B15228600091B8F /* Build configuration list for PBXProject "Know Your Worth" */ = {
			isa = XCConfigurationList;
			buildConfigurations = (
				3CD196312B15228700091B8F /* Debug */,
				3CD196322B15228700091B8F /* Release */,
			);
			defaultConfigurationIsVisible = 0;
			defaultConfigurationName = Release;
		};
		3CD196332B15228700091B8F /* Build configuration list for PBXNativeTarget "Know Your Worth" */ = {
			isa = XCConfigurationList;
			buildConfigurations = (
				3CD196342B15228700091B8F /* Debug */,
				3CD196352B15228700091B8F /* Release */,
			);
			defaultConfigurationIsVisible = 0;
			defaultConfigurationName = Release;
		};
/* End XCConfigurationList section */
	};
	rootObject = 3CD1961D2B15228600091B8F /* Project object */;
}
